{
    "_readme": [
        "This file locks the dependencies of your project to a known state",
        "Read more about it at https://getcomposer.org/doc/01-basic-usage.md#composer-lock-the-lock-file",
        "This file is @generated automatically"
    ],
    "content-hash": "2a50cf36b2bf89d32c2ba8197c29b715",
    "packages": [
        {
            "name": "duosecurity/duo_php",
            "version": "dev-master",
            "source": {
                "type": "git",
                "url": "https://github.com/duosecurity/duo_php.git",
                "reference": "c10239df5e70bba733b6c4f803c17904c9a7f4de"
            },
            "dist": {
                "type": "zip",
                "url": "https://api.github.com/repos/duosecurity/duo_php/zipball/c10239df5e70bba733b6c4f803c17904c9a7f4de",
                "reference": "c10239df5e70bba733b6c4f803c17904c9a7f4de",
                "shasum": ""
            },
            "require": {
                "php": ">=5.6"
            },
            "require-dev": {
                "phpunit/phpunit": "~5.1",
                "satooshi/php-coveralls": "dev-master",
                "squizlabs/php_codesniffer": "2.*"
            },
            "type": "library",
            "autoload": {
                "psr-4": {
                    "Duo\\": "src/"
                }
            },
            "notification-url": "https://packagist.org/downloads/",
            "description": "A PHP implementation of the Duo Web SDK.",
            "homepage": "https://duo.com/",
            "time": "2017-05-24 16:22:25"
        }
    ],
    "packages-dev": [],
    "aliases": [],
    "minimum-stability": "stable",
    "stability-flags": {
        "duosecurity/duo_php": 20
    },
    "prefer-stable": false,
    "prefer-lowest": false,
    "platform": [],
    "platform-dev": []
}
